
Microsoft Visual Studio Solution File, Format Version 12.00
# Visual Studio 15
VisualStudioVersion = 15.0.28010.2016
MinimumVisualStudioVersion = 10.0.40219.1
Project("{FAE04EC0-301F-11D3-BF4B-00C04F79EFBC}") = "CoderApp", "CoderApp\CoderApp.csproj", "{FC505909-502D-48A1-A1FC-E649C96998C3}"
EndProject
Project("{FAE04EC0-301F-11D3-BF4B-00C04F79EFBC}") = "CoderAppTests", "CoderAppTests\CoderAppTests.csproj", "{A218AA06-85A1-440D-BF6D-90F46FE52EE3}"
EndProject
Global
	GlobalSection(SolutionConfigurationPlatforms) = preSolution
		Debug|Any CPU = Debug|Any CPU
		Release|Any CPU = Release|Any CPU
	EndGlobalSection
	GlobalSection(ProjectConfigurationPlatforms) = postSolution
		{FC505909-502D-48A1-A1FC-E649C96998C3}.Debug|Any CPU.ActiveCfg = Debug|Any CPU
		{FC505909-502D-48A1-A1FC-E649C96998C3}.Debug|Any CPU.Build.0 = Debug|Any CPU
		{FC505909-502D-48A1-A1FC-E649C96998C3}.Release|Any CPU.ActiveCfg = Release|Any CPU
		{FC505909-502D-48A1-A1FC-E649C96998C3}.Release|Any CPU.Build.0 = Release|Any CPU
		{A218AA06-85A1-440D-BF6D-90F46FE52EE3}.Debug|Any CPU.ActiveCfg = Debug|Any CPU
		{A218AA06-85A1-440D-BF6D-90F46FE52EE3}.Debug|Any CPU.Build.0 = Debug|Any CPU
		{A218AA06-85A1-440D-BF6D-90F46FE52EE3}.Release|Any CPU.ActiveCfg = Release|Any CPU
		{A218AA06-85A1-440D-BF6D-90F46FE52EE3}.Release|Any CPU.Build.0 = Release|Any CPU
	EndGlobalSection
	GlobalSection(SolutionProperties) = preSolution
		HideSolutionNode = FALSE
	EndGlobalSection
	GlobalSection(ExtensibilityGlobals) = postSolution
		SolutionGuid = {3AF89ED0-527B-4886-A685-6B5E8B3E12D4}
	EndGlobalSection
EndGlobal
